
Microsoft Visual Studio Solution File, Format Version 12.00
# Visual Studio Version 17
VisualStudioVersion = 17.10.35004.147
MinimumVisualStudioVersion = 10.0.40219.1
Project("{FAE04EC0-301F-11D3-BF4B-00C04F79EFBC}") = "Esercizio-S1-L1", "Esercizio-S1-L1\Esercizio-S1-L1.csproj", "{3040CD4B-6B55-4BEA-90EE-B0E4310083CE}"
EndProject
Global
	GlobalSection(SolutionConfigurationPlatforms) = preSolution
		Debug|Any CPU = Debug|Any CPU
		Release|Any CPU = Release|Any CPU
	EndGlobalSection
	GlobalSection(ProjectConfigurationPlatforms) = postSolution
		{3040CD4B-6B55-4BEA-90EE-B0E4310083CE}.Debug|Any CPU.ActiveCfg = Debug|Any CPU
		{3040CD4B-6B55-4BEA-90EE-B0E4310083CE}.Debug|Any CPU.Build.0 = Debug|Any CPU
		{3040CD4B-6B55-4BEA-90EE-B0E4310083CE}.Release|Any CPU.ActiveCfg = Release|Any CPU
		{3040CD4B-6B55-4BEA-90EE-B0E4310083CE}.Release|Any CPU.Build.0 = Release|Any CPU
	EndGlobalSection
	GlobalSection(SolutionProperties) = preSolution
		HideSolutionNode = FALSE
	EndGlobalSection
	GlobalSection(ExtensibilityGlobals) = postSolution
		SolutionGuid = {F5C4D754-6795-4C21-B726-C86B6909E200}
	EndGlobalSection
EndGlobal
