
Microsoft Visual Studio Solution File, Format Version 12.00
# Visual Studio Version 17
VisualStudioVersion = 17.10.35004.147
MinimumVisualStudioVersion = 10.0.40219.1
Project("{FAE04EC0-301F-11D3-BF4B-00C04F79EFBC}") = "Esercizio-S3-L4-WebApp", "Esercizio-S3-L4-WebApp.csproj", "{27E1B9EC-DAF1-43B4-8C49-EA421DF7C11E}"
EndProject
Global
	GlobalSection(SolutionConfigurationPlatforms) = preSolution
		Debug|Any CPU = Debug|Any CPU
		Release|Any CPU = Release|Any CPU
	EndGlobalSection
	GlobalSection(ProjectConfigurationPlatforms) = postSolution
		{27E1B9EC-DAF1-43B4-8C49-EA421DF7C11E}.Debug|Any CPU.ActiveCfg = Debug|Any CPU
		{27E1B9EC-DAF1-43B4-8C49-EA421DF7C11E}.Debug|Any CPU.Build.0 = Debug|Any CPU
		{27E1B9EC-DAF1-43B4-8C49-EA421DF7C11E}.Release|Any CPU.ActiveCfg = Release|Any CPU
		{27E1B9EC-DAF1-43B4-8C49-EA421DF7C11E}.Release|Any CPU.Build.0 = Release|Any CPU
	EndGlobalSection
	GlobalSection(SolutionProperties) = preSolution
		HideSolutionNode = FALSE
	EndGlobalSection
	GlobalSection(ExtensibilityGlobals) = postSolution
		SolutionGuid = {A7675648-6C68-480C-9A56-1A793B5624AE}
	EndGlobalSection
EndGlobal
