
Microsoft Visual Studio Solution File, Format Version 12.00
# Visual Studio Version 17
VisualStudioVersion = 17.10.35004.147
MinimumVisualStudioVersion = 10.0.40219.1
Project("{9A19103F-16F7-4668-BE54-9A1E7A4F7556}") = "Esercizio-numero-1", "Esercizio-numero-1.csproj", "{7DA9BA84-3D00-416B-8035-C383C4A46D76}"
EndProject
Project("{9A19103F-16F7-4668-BE54-9A1E7A4F7556}") = "Esercizio-numero-2", "..\Esercizio-numero-2\Esercizio-numero-2.csproj", "{681FF0F3-A216-4B94-A05C-1948969AC6AE}"
EndProject
Project("{FAE04EC0-301F-11D3-BF4B-00C04F79EFBC}") = "Esercizio-numero-3", "..\Esercizio-numero-3\Esercizio-numero-3.csproj", "{611D91AF-DF99-4445-9C75-068590E1121F}"
EndProject
Global
	GlobalSection(SolutionConfigurationPlatforms) = preSolution
		Debug|Any CPU = Debug|Any CPU
		Release|Any CPU = Release|Any CPU
	EndGlobalSection
	GlobalSection(ProjectConfigurationPlatforms) = postSolution
		{7DA9BA84-3D00-416B-8035-C383C4A46D76}.Debug|Any CPU.ActiveCfg = Debug|Any CPU
		{7DA9BA84-3D00-416B-8035-C383C4A46D76}.Debug|Any CPU.Build.0 = Debug|Any CPU
		{7DA9BA84-3D00-416B-8035-C383C4A46D76}.Release|Any CPU.ActiveCfg = Release|Any CPU
		{7DA9BA84-3D00-416B-8035-C383C4A46D76}.Release|Any CPU.Build.0 = Release|Any CPU
		{681FF0F3-A216-4B94-A05C-1948969AC6AE}.Debug|Any CPU.ActiveCfg = Debug|Any CPU
		{681FF0F3-A216-4B94-A05C-1948969AC6AE}.Debug|Any CPU.Build.0 = Debug|Any CPU
		{681FF0F3-A216-4B94-A05C-1948969AC6AE}.Release|Any CPU.ActiveCfg = Release|Any CPU
		{681FF0F3-A216-4B94-A05C-1948969AC6AE}.Release|Any CPU.Build.0 = Release|Any CPU
		{611D91AF-DF99-4445-9C75-068590E1121F}.Debug|Any CPU.ActiveCfg = Debug|Any CPU
		{611D91AF-DF99-4445-9C75-068590E1121F}.Debug|Any CPU.Build.0 = Debug|Any CPU
		{611D91AF-DF99-4445-9C75-068590E1121F}.Release|Any CPU.ActiveCfg = Release|Any CPU
		{611D91AF-DF99-4445-9C75-068590E1121F}.Release|Any CPU.Build.0 = Release|Any CPU
	EndGlobalSection
	GlobalSection(SolutionProperties) = preSolution
		HideSolutionNode = FALSE
	EndGlobalSection
	GlobalSection(ExtensibilityGlobals) = postSolution
		SolutionGuid = {D7CFA2E7-B6CC-4316-BC81-B561AEB7CA67}
	EndGlobalSection
EndGlobal
